<?xml version="1.0" encoding="utf-8"?>
<Project ToolsVersion="4.0" xmlns="http://schemas.microsoft.com/developer/msbuild/2003">
  <ItemGroup>
    <Filter Include="源文件">
      <UniqueIdentifier>{4FC737F1-C7A5-4376-A066-2A32D752A2FF}</UniqueIdentifier>
      <Extensions>cpp;c;cc;cxx;def;odl;idl;hpj;bat;asm;asmx</Extensions>
    </Filter>
    <Filter Include="头文件">
      <UniqueIdentifier>{93995380-89BD-4b04-88EB-625FBE52EBFB}</UniqueIdentifier>
      <Extensions>h;hh;hpp;hxx;hm;inl;inc;xsd</Extensions>
    </Filter>
    <Filter Include="资源文件">
      <UniqueIdentifier>{67DA6AB6-F800-4c08-8B7A-83BB121AAD01}</UniqueIdentifier>
      <Extensions>rc;ico;cur;bmp;dlg;rc2;rct;bin;rgs;gif;jpg;jpeg;jpe;resx;tiff;tif;png;wav;mfcribbon-ms</Extensions>
    </Filter>
  </ItemGroup>
  <ItemGroup>
    <ClCompile Include="application.cpp">
      <Filter>源文件</Filter>
    </ClCompile>
    <ClCompile Include="astring_datatype.cpp">
      <Filter>源文件</Filter>
    </ClCompile>
    <ClCompile Include="cmdline.cpp">
      <Filter>源文件</Filter>
    </ClCompile>
    <ClCompile Include="globaldata.cpp">
      <Filter>源文件</Filter>
    </ClCompile>
    <ClCompile Include="guibox.cpp">
      <Filter>源文件</Filter>
    </ClCompile>
    <ClCompile Include="inputbox.cpp">
      <Filter>源文件</Filter>
    </ClCompile>
    <ClCompile Include="mt19937ar-cok.cpp">
      <Filter>源文件</Filter>
    </ClCompile>
    <ClCompile Include="os_version.cpp">
      <Filter>源文件</Filter>
    </ClCompile>
    <ClCompile Include="regexp.cpp">
      <Filter>源文件</Filter>
    </ClCompile>
    <ClCompile Include="script.cpp">
      <Filter>源文件</Filter>
    </ClCompile>
    <ClCompile Include="script_file.cpp">
      <Filter>源文件</Filter>
    </ClCompile>
    <ClCompile Include="script_gui.cpp">
      <Filter>源文件</Filter>
    </ClCompile>
    <ClCompile Include="script_lexer.cpp">
      <Filter>源文件</Filter>
    </ClCompile>
    <ClCompile Include="script_math.cpp">
      <Filter>源文件</Filter>
    </ClCompile>
    <ClCompile Include="script_misc.cpp">
      <Filter>源文件</Filter>
    </ClCompile>
    <ClCompile Include="script_parser.cpp">
      <Filter>源文件</Filter>
    </ClCompile>
    <ClCompile Include="script_parser_exp.cpp">
      <Filter>源文件</Filter>
    </ClCompile>
    <ClCompile Include="script_process.cpp">
      <Filter>源文件</Filter>
    </ClCompile>
    <ClCompile Include="script_registry.cpp">
      <Filter>源文件</Filter>
    </ClCompile>
    <ClCompile Include="script_string.cpp">
      <Filter>源文件</Filter>
    </ClCompile>
    <ClCompile Include="script_win.cpp">
      <Filter>源文件</Filter>
    </ClCompile>
    <ClCompile Include="scriptfile.cpp">
      <Filter>源文件</Filter>
    </ClCompile>
    <ClCompile Include="sendkeys.cpp">
      <Filter>源文件</Filter>
    </ClCompile>
    <ClCompile Include="setforegroundwinex.cpp">
      <Filter>源文件</Filter>
    </ClCompile>
    <ClCompile Include="shared_memory.cpp">
      <Filter>源文件</Filter>
    </ClCompile>
    <ClCompile Include="stack_int_datatype.cpp">
      <Filter>源文件</Filter>
    </ClCompile>
    <ClCompile Include="stack_statement_datatype.cpp">
      <Filter>源文件</Filter>
    </ClCompile>
    <ClCompile Include="stack_variable_list.cpp">
      <Filter>源文件</Filter>
    </ClCompile>
    <ClCompile Include="stack_variant_datatype.cpp">
      <Filter>源文件</Filter>
    </ClCompile>
    <ClCompile Include="token_datatype.cpp">
      <Filter>源文件</Filter>
    </ClCompile>
    <ClCompile Include="userfunction_list.cpp">
      <Filter>源文件</Filter>
    </ClCompile>
    <ClCompile Include="utility.cpp">
      <Filter>源文件</Filter>
    </ClCompile>
    <ClCompile Include="variable_list.cpp">
      <Filter>源文件</Filter>
    </ClCompile>
    <ClCompile Include="variabletable.cpp">
      <Filter>源文件</Filter>
    </ClCompile>
    <ClCompile Include="variant_datatype.cpp">
      <Filter>源文件</Filter>
    </ClCompile>
    <ClCompile Include="vector_token_datatype.cpp">
      <Filter>源文件</Filter>
    </ClCompile>
    <ClCompile Include="vector_variant_datatype.cpp">
      <Filter>源文件</Filter>
    </ClCompile>
  </ItemGroup>
  <ItemGroup>
    <ResourceCompile Include="resources\AutoIt.rc">
      <Filter>资源文件</Filter>
    </ResourceCompile>
  </ItemGroup>
</Project>